<?xml version="1.0" encoding="utf-8"?>
<Project ToolsVersion="4.0" xmlns="http://schemas.microsoft.com/developer/msbuild/2003">
  <ItemGroup>
    <ClCompile Include="Body.cpp" />
    <ClCompile Include="Broadphase.cpp" />
    <ClCompile Include="code\application.cpp" />
    <ClCompile Include="code\Fileio.cpp" />
    <ClCompile Include="code\main.cpp" />
    <ClCompile Include="code\Math\Bounds.cpp" />
    <ClCompile Include="code\Math\LCP.cpp" />
    <ClCompile Include="code\Renderer\Buffer.cpp" />
    <ClCompile Include="code\Renderer\Descriptor.cpp" />
    <ClCompile Include="code\Renderer\DeviceContext.cpp" />
    <ClCompile Include="code\Renderer\Fence.cpp" />
    <ClCompile Include="code\Renderer\FrameBuffer.cpp" />
    <ClCompile Include="code\Renderer\Image.cpp" />
    <ClCompile Include="code\Renderer\model.cpp" />
    <ClCompile Include="code\Renderer\OffscreenRenderer.cpp" />
    <ClCompile Include="code\Renderer\Pipeline.cpp" />
    <ClCompile Include="code\Renderer\Samplers.cpp" />
    <ClCompile Include="code\Renderer\shader.cpp" />
    <ClCompile Include="code\Renderer\SwapChain.cpp" />
    <ClCompile Include="code\Scene.cpp" />
    <ClCompile Include="Contact.cpp" />
    <ClCompile Include="Intersections.cpp" />
    <ClCompile Include="Shape.cpp" />
  </ItemGroup>
  <ItemGroup>
    <ClInclude Include="Body.h" />
    <ClInclude Include="Broadphase.h" />
    <ClInclude Include="code\application.h" />
    <ClInclude Include="code\Fileio.h" />
    <ClInclude Include="code\Math\Bounds.h" />
    <ClInclude Include="code\Math\LCP.h" />
    <ClInclude Include="code\Math\Matrix.h" />
    <ClInclude Include="code\Math\Quat.h" />
    <ClInclude Include="code\Math\Vector.h" />
    <ClInclude Include="code\Renderer\Buffer.h" />
    <ClInclude Include="code\Renderer\Descriptor.h" />
    <ClInclude Include="code\Renderer\DeviceContext.h" />
    <ClInclude Include="code\Renderer\Fence.h" />
    <ClInclude Include="code\Renderer\FrameBuffer.h" />
    <ClInclude Include="code\Renderer\Image.h" />
    <ClInclude Include="code\Renderer\model.h" />
    <ClInclude Include="code\Renderer\OffscreenRenderer.h" />
    <ClInclude Include="code\Renderer\Pipeline.h" />
    <ClInclude Include="code\Renderer\Samplers.h" />
    <ClInclude Include="code\Renderer\shader.h" />
    <ClInclude Include="code\Renderer\SwapChain.h" />
    <ClInclude Include="code\Scene.h" />
    <ClInclude Include="Contact.h" />
    <ClInclude Include="Intersections.h" />
    <ClInclude Include="Shape.h" />
  </ItemGroup>
</Project>